
Microsoft Visual Studio Solution File, Format Version 12.00
# Visual Studio 15
VisualStudioVersion = 15.0.27130.2010
MinimumVisualStudioVersion = 10.0.40219.1
Project("{FAE04EC0-301F-11D3-BF4B-00C04F79EFBC}") = "ChatApp", "ChatApp\ChatApp.csproj", "{AA344D10-7EDA-4E99-933C-17D6FC992B32}"
EndProject
Global
	GlobalSection(SolutionConfigurationPlatforms) = preSolution
		Debug|Any CPU = Debug|Any CPU
		Release|Any CPU = Release|Any CPU
	EndGlobalSection
	GlobalSection(ProjectConfigurationPlatforms) = postSolution
		{AA344D10-7EDA-4E99-933C-17D6FC992B32}.Debug|Any CPU.ActiveCfg = Debug|Any CPU
		{AA344D10-7EDA-4E99-933C-17D6FC992B32}.Debug|Any CPU.Build.0 = Debug|Any CPU
		{AA344D10-7EDA-4E99-933C-17D6FC992B32}.Release|Any CPU.ActiveCfg = Release|Any CPU
		{AA344D10-7EDA-4E99-933C-17D6FC992B32}.Release|Any CPU.Build.0 = Release|Any CPU
	EndGlobalSection
	GlobalSection(SolutionProperties) = preSolution
		HideSolutionNode = FALSE
	EndGlobalSection
	GlobalSection(ExtensibilityGlobals) = postSolution
		SolutionGuid = {1300C4AE-1572-4B17-A4CE-A6FBFED4A43F}
	EndGlobalSection
EndGlobal
